
Microsoft Visual Studio Solution File, Format Version 12.00
# Visual Studio Version 17
VisualStudioVersion = 17.0.31903.59
MinimumVisualStudioVersion = 10.0.40219.1
Project("{2150E333-8FDC-42A3-9474-1A3956D46DE8}") = "src", "src", "{827E0CD3-B72D-47B6-A68D-7590B98EB39B}"
EndProject
Project("{FAE04EC0-301F-11D3-BF4B-00C04F79EFBC}") = "InviteMe.Api", "src\InviteMe.Api\InviteMe.Api.csproj", "{868DF312-A0F1-489F-80B0-112F8FFA776D}"
EndProject
Project("{FAE04EC0-301F-11D3-BF4B-00C04F79EFBC}") = "InviteMe.Application", "src\InviteMe.Application\InviteMe.Application.csproj", "{3260E385-4BC2-4221-BBA8-80A3F0E6D975}"
EndProject
Project("{FAE04EC0-301F-11D3-BF4B-00C04F79EFBC}") = "InviteMe.Domain", "src\InviteMe.Domain\InviteMe.Domain.csproj", "{2CF77170-1E55-4B92-A5F2-98294FE2102C}"
EndProject
Project("{FAE04EC0-301F-11D3-BF4B-00C04F79EFBC}") = "InviteMe.Infrastructure", "src\InviteMe.Infrastructure\InviteMe.Infrastructure.csproj", "{E055388B-F1F9-4A9E-B02C-F7195CA23789}"
EndProject
Project("{2150E333-8FDC-42A3-9474-1A3956D46DE8}") = "tests", "tests", "{0AB3BF05-4346-4AA6-1389-037BE0695223}"
EndProject
Project("{FAE04EC0-301F-11D3-BF4B-00C04F79EFBC}") = "InviteMe.UnitTests", "tests\InviteMe.UnitTests\InviteMe.UnitTests.csproj", "{A5A53FBF-26F5-4742-A59F-49B0A654FF3A}"
EndProject
Project("{FAE04EC0-301F-11D3-BF4B-00C04F79EFBC}") = "InviteMe.IntegrationTests", "tests\InviteMe.IntegrationTests\InviteMe.IntegrationTests.csproj", "{AB245050-5A67-49E4-B8E2-99815E9055FC}"
EndProject
Global
	GlobalSection(SolutionConfigurationPlatforms) = preSolution
		Debug|Any CPU = Debug|Any CPU
		Debug|x64 = Debug|x64
		Debug|x86 = Debug|x86
		Release|Any CPU = Release|Any CPU
		Release|x64 = Release|x64
		Release|x86 = Release|x86
	EndGlobalSection
	GlobalSection(ProjectConfigurationPlatforms) = postSolution
		{868DF312-A0F1-489F-80B0-112F8FFA776D}.Debug|Any CPU.ActiveCfg = Debug|Any CPU
		{868DF312-A0F1-489F-80B0-112F8FFA776D}.Debug|Any CPU.Build.0 = Debug|Any CPU
		{868DF312-A0F1-489F-80B0-112F8FFA776D}.Debug|x64.ActiveCfg = Debug|Any CPU
		{868DF312-A0F1-489F-80B0-112F8FFA776D}.Debug|x64.Build.0 = Debug|Any CPU
		{868DF312-A0F1-489F-80B0-112F8FFA776D}.Debug|x86.ActiveCfg = Debug|Any CPU
		{868DF312-A0F1-489F-80B0-112F8FFA776D}.Debug|x86.Build.0 = Debug|Any CPU
		{868DF312-A0F1-489F-80B0-112F8FFA776D}.Release|Any CPU.ActiveCfg = Release|Any CPU
		{868DF312-A0F1-489F-80B0-112F8FFA776D}.Release|Any CPU.Build.0 = Release|Any CPU
		{868DF312-A0F1-489F-80B0-112F8FFA776D}.Release|x64.ActiveCfg = Release|Any CPU
		{868DF312-A0F1-489F-80B0-112F8FFA776D}.Release|x64.Build.0 = Release|Any CPU
		{868DF312-A0F1-489F-80B0-112F8FFA776D}.Release|x86.ActiveCfg = Release|Any CPU
		{868DF312-A0F1-489F-80B0-112F8FFA776D}.Release|x86.Build.0 = Release|Any CPU
		{3260E385-4BC2-4221-BBA8-80A3F0E6D975}.Debug|Any CPU.ActiveCfg = Debug|Any CPU
		{3260E385-4BC2-4221-BBA8-80A3F0E6D975}.Debug|Any CPU.Build.0 = Debug|Any CPU
		{3260E385-4BC2-4221-BBA8-80A3F0E6D975}.Debug|x64.ActiveCfg = Debug|Any CPU
		{3260E385-4BC2-4221-BBA8-80A3F0E6D975}.Debug|x64.Build.0 = Debug|Any CPU
		{3260E385-4BC2-4221-BBA8-80A3F0E6D975}.Debug|x86.ActiveCfg = Debug|Any CPU
		{3260E385-4BC2-4221-BBA8-80A3F0E6D975}.Debug|x86.Build.0 = Debug|Any CPU
		{3260E385-4BC2-4221-BBA8-80A3F0E6D975}.Release|Any CPU.ActiveCfg = Release|Any CPU
		{3260E385-4BC2-4221-BBA8-80A3F0E6D975}.Release|Any CPU.Build.0 = Release|Any CPU
		{3260E385-4BC2-4221-BBA8-80A3F0E6D975}.Release|x64.ActiveCfg = Release|Any CPU
		{3260E385-4BC2-4221-BBA8-80A3F0E6D975}.Release|x64.Build.0 = Release|Any CPU
		{3260E385-4BC2-4221-BBA8-80A3F0E6D975}.Release|x86.ActiveCfg = Release|Any CPU
		{3260E385-4BC2-4221-BBA8-80A3F0E6D975}.Release|x86.Build.0 = Release|Any CPU
		{2CF77170-1E55-4B92-A5F2-98294FE2102C}.Debug|Any CPU.ActiveCfg = Debug|Any CPU
		{2CF77170-1E55-4B92-A5F2-98294FE2102C}.Debug|Any CPU.Build.0 = Debug|Any CPU
		{2CF77170-1E55-4B92-A5F2-98294FE2102C}.Debug|x64.ActiveCfg = Debug|Any CPU
		{2CF77170-1E55-4B92-A5F2-98294FE2102C}.Debug|x64.Build.0 = Debug|Any CPU
		{2CF77170-1E55-4B92-A5F2-98294FE2102C}.Debug|x86.ActiveCfg = Debug|Any CPU
		{2CF77170-1E55-4B92-A5F2-98294FE2102C}.Debug|x86.Build.0 = Debug|Any CPU
		{2CF77170-1E55-4B92-A5F2-98294FE2102C}.Release|Any CPU.ActiveCfg = Release|Any CPU
		{2CF77170-1E55-4B92-A5F2-98294FE2102C}.Release|Any CPU.Build.0 = Release|Any CPU
		{2CF77170-1E55-4B92-A5F2-98294FE2102C}.Release|x64.ActiveCfg = Release|Any CPU
		{2CF77170-1E55-4B92-A5F2-98294FE2102C}.Release|x64.Build.0 = Release|Any CPU
		{2CF77170-1E55-4B92-A5F2-98294FE2102C}.Release|x86.ActiveCfg = Release|Any CPU
		{2CF77170-1E55-4B92-A5F2-98294FE2102C}.Release|x86.Build.0 = Release|Any CPU
		{E055388B-F1F9-4A9E-B02C-F7195CA23789}.Debug|Any CPU.ActiveCfg = Debug|Any CPU
		{E055388B-F1F9-4A9E-B02C-F7195CA23789}.Debug|Any CPU.Build.0 = Debug|Any CPU
		{E055388B-F1F9-4A9E-B02C-F7195CA23789}.Debug|x64.ActiveCfg = Debug|Any CPU
		{E055388B-F1F9-4A9E-B02C-F7195CA23789}.Debug|x64.Build.0 = Debug|Any CPU
		{E055388B-F1F9-4A9E-B02C-F7195CA23789}.Debug|x86.ActiveCfg = Debug|Any CPU
		{E055388B-F1F9-4A9E-B02C-F7195CA23789}.Debug|x86.Build.0 = Debug|Any CPU
		{E055388B-F1F9-4A9E-B02C-F7195CA23789}.Release|Any CPU.ActiveCfg = Release|Any CPU
		{E055388B-F1F9-4A9E-B02C-F7195CA23789}.Release|Any CPU.Build.0 = Release|Any CPU
		{E055388B-F1F9-4A9E-B02C-F7195CA23789}.Release|x64.ActiveCfg = Release|Any CPU
		{E055388B-F1F9-4A9E-B02C-F7195CA23789}.Release|x64.Build.0 = Release|Any CPU
		{E055388B-F1F9-4A9E-B02C-F7195CA23789}.Release|x86.ActiveCfg = Release|Any CPU
		{E055388B-F1F9-4A9E-B02C-F7195CA23789}.Release|x86.Build.0 = Release|Any CPU
		{A5A53FBF-26F5-4742-A59F-49B0A654FF3A}.Debug|Any CPU.ActiveCfg = Debug|Any CPU
		{A5A53FBF-26F5-4742-A59F-49B0A654FF3A}.Debug|Any CPU.Build.0 = Debug|Any CPU
		{A5A53FBF-26F5-4742-A59F-49B0A654FF3A}.Debug|x64.ActiveCfg = Debug|Any CPU
		{A5A53FBF-26F5-4742-A59F-49B0A654FF3A}.Debug|x64.Build.0 = Debug|Any CPU
		{A5A53FBF-26F5-4742-A59F-49B0A654FF3A}.Debug|x86.ActiveCfg = Debug|Any CPU
		{A5A53FBF-26F5-4742-A59F-49B0A654FF3A}.Debug|x86.Build.0 = Debug|Any CPU
		{A5A53FBF-26F5-4742-A59F-49B0A654FF3A}.Release|Any CPU.ActiveCfg = Release|Any CPU
		{A5A53FBF-26F5-4742-A59F-49B0A654FF3A}.Release|Any CPU.Build.0 = Release|Any CPU
		{A5A53FBF-26F5-4742-A59F-49B0A654FF3A}.Release|x64.ActiveCfg = Release|Any CPU
		{A5A53FBF-26F5-4742-A59F-49B0A654FF3A}.Release|x64.Build.0 = Release|Any CPU
		{A5A53FBF-26F5-4742-A59F-49B0A654FF3A}.Release|x86.ActiveCfg = Release|Any CPU
		{A5A53FBF-26F5-4742-A59F-49B0A654FF3A}.Release|x86.Build.0 = Release|Any CPU
		{AB245050-5A67-49E4-B8E2-99815E9055FC}.Debug|Any CPU.ActiveCfg = Debug|Any CPU
		{AB245050-5A67-49E4-B8E2-99815E9055FC}.Debug|Any CPU.Build.0 = Debug|Any CPU
		{AB245050-5A67-49E4-B8E2-99815E9055FC}.Debug|x64.ActiveCfg = Debug|Any CPU
		{AB245050-5A67-49E4-B8E2-99815E9055FC}.Debug|x64.Build.0 = Debug|Any CPU
		{AB245050-5A67-49E4-B8E2-99815E9055FC}.Debug|x86.ActiveCfg = Debug|Any CPU
		{AB245050-5A67-49E4-B8E2-99815E9055FC}.Debug|x86.Build.0 = Debug|Any CPU
		{AB245050-5A67-49E4-B8E2-99815E9055FC}.Release|Any CPU.ActiveCfg = Release|Any CPU
		{AB245050-5A67-49E4-B8E2-99815E9055FC}.Release|Any CPU.Build.0 = Release|Any CPU
		{AB245050-5A67-49E4-B8E2-99815E9055FC}.Release|x64.ActiveCfg = Release|Any CPU
		{AB245050-5A67-49E4-B8E2-99815E9055FC}.Release|x64.Build.0 = Release|Any CPU
		{AB245050-5A67-49E4-B8E2-99815E9055FC}.Release|x86.ActiveCfg = Release|Any CPU
		{AB245050-5A67-49E4-B8E2-99815E9055FC}.Release|x86.Build.0 = Release|Any CPU
	EndGlobalSection
	GlobalSection(SolutionProperties) = preSolution
		HideSolutionNode = FALSE
	EndGlobalSection
	GlobalSection(NestedProjects) = preSolution
		{868DF312-A0F1-489F-80B0-112F8FFA776D} = {827E0CD3-B72D-47B6-A68D-7590B98EB39B}
		{3260E385-4BC2-4221-BBA8-80A3F0E6D975} = {827E0CD3-B72D-47B6-A68D-7590B98EB39B}
		{2CF77170-1E55-4B92-A5F2-98294FE2102C} = {827E0CD3-B72D-47B6-A68D-7590B98EB39B}
		{E055388B-F1F9-4A9E-B02C-F7195CA23789} = {827E0CD3-B72D-47B6-A68D-7590B98EB39B}
		{A5A53FBF-26F5-4742-A59F-49B0A654FF3A} = {0AB3BF05-4346-4AA6-1389-037BE0695223}
		{AB245050-5A67-49E4-B8E2-99815E9055FC} = {0AB3BF05-4346-4AA6-1389-037BE0695223}
	EndGlobalSection
EndGlobal
